
Microsoft Visual Studio Solution File, Format Version 12.00
# Visual Studio Version 16
VisualStudioVersion = 16.0.31911.196
MinimumVisualStudioVersion = 10.0.40219.1
Project("{FAE04EC0-301F-11D3-BF4B-00C04F79EFBC}") = "LombardWPF", "LombardWPF\LombardWPF.csproj", "{F4AD8E70-79E7-4211-8858-58C11C09AF72}"
EndProject
Project("{FAE04EC0-301F-11D3-BF4B-00C04F79EFBC}") = "TestProject1", "TestProject1\TestProject1.csproj", "{791C5CD4-A9A5-4A32-A9E5-EA7EAA4B9A88}"
EndProject
Project("{FAE04EC0-301F-11D3-BF4B-00C04F79EFBC}") = "ClassLibrary1", "ClassLibrary1\ClassLibrary1.csproj", "{46473797-64AD-4C2F-B0E7-0320AB7F39F7}"
EndProject
Global
	GlobalSection(SolutionConfigurationPlatforms) = preSolution
		Debug|Any CPU = Debug|Any CPU
		Release|Any CPU = Release|Any CPU
	EndGlobalSection
	GlobalSection(ProjectConfigurationPlatforms) = postSolution
		{F4AD8E70-79E7-4211-8858-58C11C09AF72}.Debug|Any CPU.ActiveCfg = Debug|Any CPU
		{F4AD8E70-79E7-4211-8858-58C11C09AF72}.Debug|Any CPU.Build.0 = Debug|Any CPU
		{F4AD8E70-79E7-4211-8858-58C11C09AF72}.Release|Any CPU.ActiveCfg = Release|Any CPU
		{F4AD8E70-79E7-4211-8858-58C11C09AF72}.Release|Any CPU.Build.0 = Release|Any CPU
		{791C5CD4-A9A5-4A32-A9E5-EA7EAA4B9A88}.Debug|Any CPU.ActiveCfg = Debug|Any CPU
		{791C5CD4-A9A5-4A32-A9E5-EA7EAA4B9A88}.Debug|Any CPU.Build.0 = Debug|Any CPU
		{791C5CD4-A9A5-4A32-A9E5-EA7EAA4B9A88}.Release|Any CPU.ActiveCfg = Release|Any CPU
		{791C5CD4-A9A5-4A32-A9E5-EA7EAA4B9A88}.Release|Any CPU.Build.0 = Release|Any CPU
		{46473797-64AD-4C2F-B0E7-0320AB7F39F7}.Debug|Any CPU.ActiveCfg = Debug|Any CPU
		{46473797-64AD-4C2F-B0E7-0320AB7F39F7}.Debug|Any CPU.Build.0 = Debug|Any CPU
		{46473797-64AD-4C2F-B0E7-0320AB7F39F7}.Release|Any CPU.ActiveCfg = Release|Any CPU
		{46473797-64AD-4C2F-B0E7-0320AB7F39F7}.Release|Any CPU.Build.0 = Release|Any CPU
	EndGlobalSection
	GlobalSection(SolutionProperties) = preSolution
		HideSolutionNode = FALSE
	EndGlobalSection
	GlobalSection(ExtensibilityGlobals) = postSolution
		SolutionGuid = {9712C504-B188-4E5F-8C6D-9D3FD7ABFB4B}
	EndGlobalSection
EndGlobal
